
Microsoft Visual Studio Solution File, Format Version 12.00
Project("{FAE04EC0-301F-11D3-BF4B-00C04F79EFBC}") = "WebApp", "WebApp\WebApp.csproj", "{D3085DFC-C2CE-43F2-9DF6-0814BDC5DE62}"
EndProject
Project("{2150E333-8FDC-42A3-9474-1A3956D46DE8}") = "0_Solution_Items", "0_Solution_Items", "{E8361225-9D48-4DF1-9AC9-B9979D14ACB7}"
	ProjectSection(SolutionItems) = preProject
		Directory.Build.props = Directory.Build.props
		README.MD = README.MD
		..\.gitignore = ..\.gitignore
		Dockerfile = Dockerfile
		.dockerignore = .dockerignore
		..\docker-compose.yaml = ..\docker-compose.yaml
	EndProjectSection
EndProject
Project("{2150E333-8FDC-42A3-9474-1A3956D46DE8}") = "1_App", "1_App", "{F3040C7B-2230-4588-974B-2D370D6A8870}"
EndProject
Project("{2150E333-8FDC-42A3-9474-1A3956D46DE8}") = "2_Base", "2_Base", "{E31C4FE9-C262-4713-8313-98A3ED21F94E}"
EndProject
Project("{FAE04EC0-301F-11D3-BF4B-00C04F79EFBC}") = "Base.Domain", "Base.Domain\Base.Domain.csproj", "{1F2D1C2E-72B1-4A40-B591-4E464B1257A0}"
EndProject
Project("{2150E333-8FDC-42A3-9474-1A3956D46DE8}") = "Interfaces", "Interfaces", "{4BAE71C8-EE4A-4654-AFA7-1CCB3FB980B3}"
EndProject
Project("{FAE04EC0-301F-11D3-BF4B-00C04F79EFBC}") = "App.Domain", "App.Domain\App.Domain.csproj", "{094EED68-1825-4BF7-923E-503D0053ACEE}"
EndProject

Project("{FAE04EC0-301F-11D3-BF4B-00C04F79EFBC}") = "App.DAL.EF", "App.DAL.EF\App.DAL.EF.csproj", "{250F2034-4DB5-4BB2-8C56-F25A358336F6}"
EndProject
Project("{FAE04EC0-301F-11D3-BF4B-00C04F79EFBC}") = "Tests", "Tests\Tests.csproj", "{B4252294-763F-4D87-BE2F-B5F8E6E0C6C4}"
EndProject
Project("{FAE04EC0-301F-11D3-BF4B-00C04F79EFBC}") = "Base.DAL.EF", "Base.DAL.EF\Base.DAL.EF.csproj", "{7CC87E36-4EAE-4F4E-984E-C34E9F7CCBB1}"
EndProject
Project("{2150E333-8FDC-42A3-9474-1A3956D46DE8}") = "Interfaces", "Interfaces", "{AC0AA033-BE28-4187-A8E0-402F514208C7}"
EndProject
Project("{FAE04EC0-301F-11D3-BF4B-00C04F79EFBC}") = "App.Contracts.DAL", "App.Contracts.DAL\App.Contracts.DAL.csproj", "{28A50387-B790-4DA4-9255-C5907B8F7687}"
EndProject
Project("{FAE04EC0-301F-11D3-BF4B-00C04F79EFBC}") = "Base.Helpers", "Base.Helpers\Base.Helpers.csproj", "{FF4FACBF-7D06-43C0-9D33-B2B670E2ED83}"
EndProject
Project("{FAE04EC0-301F-11D3-BF4B-00C04F79EFBC}") = "App.Public", "App.Public\App.Public.csproj", "{22DC3517-C66F-4B80-A412-6F6D7D34E88A}"
EndProject
Project("{FAE04EC0-301F-11D3-BF4B-00C04F79EFBC}") = "Base.DAL", "Base.DAL\Base.DAL.csproj", "{6010E8CB-FF16-4CBD-9223-E0FFA6A3626A}"
EndProject
Project("{FAE04EC0-301F-11D3-BF4B-00C04F79EFBC}") = "Base.Contracts.BLL", "Base.Contracts.BLL\Base.Contracts.BLL.csproj", "{39961EF8-CB11-477B-9C9D-3CAFDD8D90BC}"
EndProject
Project("{FAE04EC0-301F-11D3-BF4B-00C04F79EFBC}") = "Base.BLL", "Base.BLL\Base.BLL.csproj", "{1F9C7DDB-8470-4DC2-B192-4D96A6FB1F7B}"
EndProject
Project("{FAE04EC0-301F-11D3-BF4B-00C04F79EFBC}") = "App.BLL", "App.BLL\App.BLL.csproj", "{8A495BFB-2EBD-4855-A526-8E3C3752CA48}"
EndProject
Project("{FAE04EC0-301F-11D3-BF4B-00C04F79EFBC}") = "App.Contracts.BLL", "App.Contracts.BLL\App.Contracts.BLL.csproj", "{474ECB79-C708-4193-BC2E-0CEC100E3B87}"
EndProject
Project("{FAE04EC0-301F-11D3-BF4B-00C04F79EFBC}") = "Base.Contracts", "Base.Contracts\Base.Contracts.csproj", "{3D4F5B9F-47E3-456D-9A6A-79EE3DCC7365}"
EndProject
Project("{FAE04EC0-301F-11D3-BF4B-00C04F79EFBC}") = "Base.Contracts.Domain", "Base.Contracts.Domain\Base.Contracts.Domain.csproj", "{30252178-09EF-409F-829D-9F8585021746}"
EndProject
Project("{FAE04EC0-301F-11D3-BF4B-00C04F79EFBC}") = "Base.Contracts.DAL", "Base.Contracts.DAL\Base.Contracts.DAL.csproj", "{10BF3894-5738-48AD-9870-4AC76629BEF7}"
EndProject
Project("{2150E333-8FDC-42A3-9474-1A3956D46DE8}") = "3_Tests", "3_Tests", "{D6F1455B-EBCA-45C8-A01E-9EBC9A10B63B}"
EndProject
Project("{2150E333-8FDC-42A3-9474-1A3956D46DE8}") = "Dtos", "Dtos", "{54A71AEF-C6B9-4D0A-A76B-83D53E9B7646}"
EndProject
Project("{FAE04EC0-301F-11D3-BF4B-00C04F79EFBC}") = "App.DTO.DAL", "App.DTO.DAL\App.DTO.DAL.csproj", "{1F9BBFA7-4617-47D4-B48C-4DE3E667C728}"
EndProject
Project("{FAE04EC0-301F-11D3-BF4B-00C04F79EFBC}") = "App.DTO.BLL", "App.DTO.BLL\App.DTO.BLL.csproj", "{168179A5-638B-4176-B0D2-25B9279FDBA1}"
EndProject
Project("{FAE04EC0-301F-11D3-BF4B-00C04F79EFBC}") = "App.DTO.Public", "App.DTO.Public\App.DTO.Public.csproj", "{3D7DFC16-7E31-4C97-83E1-EE6D45253630}"
EndProject
Project("{FAE04EC0-301F-11D3-BF4B-00C04F79EFBC}") = "Base.Resources", "Base.Resources\Base.Resources.csproj", "{F2435225-DE4C-4350-8A74-9A916216689D}"
EndProject
Project("{FAE04EC0-301F-11D3-BF4B-00C04F79EFBC}") = "App.Resources", "App.Resources\App.Resources.csproj", "{02ABCF54-3A58-4463-8B08-7446CB65BC50}"
EndProject
Project("{FAE04EC0-301F-11D3-BF4B-00C04F79EFBC}") = "Base.Tests", "Base.Tests\Base.Tests.csproj", "{3E103CC3-7717-4071-AE69-9FCF5BCD2900}"
EndProject
Project("{FAE04EC0-301F-11D3-BF4B-00C04F79EFBC}") = "App.Tests", "App.Tests\App.Tests.csproj", "{4D5C44AA-ADC6-4E79-9519-D4D5B7A498C5}"
EndProject
Global
	GlobalSection(SolutionConfigurationPlatforms) = preSolution
		Debug|Any CPU = Debug|Any CPU
		Release|Any CPU = Release|Any CPU
	EndGlobalSection
	GlobalSection(ProjectConfigurationPlatforms) = postSolution
		{D3085DFC-C2CE-43F2-9DF6-0814BDC5DE62}.Debug|Any CPU.ActiveCfg = Debug|Any CPU
		{D3085DFC-C2CE-43F2-9DF6-0814BDC5DE62}.Debug|Any CPU.Build.0 = Debug|Any CPU
		{D3085DFC-C2CE-43F2-9DF6-0814BDC5DE62}.Release|Any CPU.ActiveCfg = Release|Any CPU
		{D3085DFC-C2CE-43F2-9DF6-0814BDC5DE62}.Release|Any CPU.Build.0 = Release|Any CPU
		{1F2D1C2E-72B1-4A40-B591-4E464B1257A0}.Debug|Any CPU.ActiveCfg = Debug|Any CPU
		{1F2D1C2E-72B1-4A40-B591-4E464B1257A0}.Debug|Any CPU.Build.0 = Debug|Any CPU
		{1F2D1C2E-72B1-4A40-B591-4E464B1257A0}.Release|Any CPU.ActiveCfg = Release|Any CPU
		{1F2D1C2E-72B1-4A40-B591-4E464B1257A0}.Release|Any CPU.Build.0 = Release|Any CPU
		{094EED68-1825-4BF7-923E-503D0053ACEE}.Debug|Any CPU.ActiveCfg = Debug|Any CPU
		{094EED68-1825-4BF7-923E-503D0053ACEE}.Debug|Any CPU.Build.0 = Debug|Any CPU
		{094EED68-1825-4BF7-923E-503D0053ACEE}.Release|Any CPU.ActiveCfg = Release|Any CPU
		{094EED68-1825-4BF7-923E-503D0053ACEE}.Release|Any CPU.Build.0 = Release|Any CPU
		{250F2034-4DB5-4BB2-8C56-F25A358336F6}.Debug|Any CPU.ActiveCfg = Debug|Any CPU
		{250F2034-4DB5-4BB2-8C56-F25A358336F6}.Debug|Any CPU.Build.0 = Debug|Any CPU
		{250F2034-4DB5-4BB2-8C56-F25A358336F6}.Release|Any CPU.ActiveCfg = Release|Any CPU
		{250F2034-4DB5-4BB2-8C56-F25A358336F6}.Release|Any CPU.Build.0 = Release|Any CPU
		{B4252294-763F-4D87-BE2F-B5F8E6E0C6C4}.Debug|Any CPU.ActiveCfg = Debug|Any CPU
		{B4252294-763F-4D87-BE2F-B5F8E6E0C6C4}.Debug|Any CPU.Build.0 = Debug|Any CPU
		{B4252294-763F-4D87-BE2F-B5F8E6E0C6C4}.Release|Any CPU.ActiveCfg = Release|Any CPU
		{B4252294-763F-4D87-BE2F-B5F8E6E0C6C4}.Release|Any CPU.Build.0 = Release|Any CPU
		{7CC87E36-4EAE-4F4E-984E-C34E9F7CCBB1}.Debug|Any CPU.ActiveCfg = Debug|Any CPU
		{7CC87E36-4EAE-4F4E-984E-C34E9F7CCBB1}.Debug|Any CPU.Build.0 = Debug|Any CPU
		{7CC87E36-4EAE-4F4E-984E-C34E9F7CCBB1}.Release|Any CPU.ActiveCfg = Release|Any CPU
		{7CC87E36-4EAE-4F4E-984E-C34E9F7CCBB1}.Release|Any CPU.Build.0 = Release|Any CPU
		{28A50387-B790-4DA4-9255-C5907B8F7687}.Debug|Any CPU.ActiveCfg = Debug|Any CPU
		{28A50387-B790-4DA4-9255-C5907B8F7687}.Debug|Any CPU.Build.0 = Debug|Any CPU
		{28A50387-B790-4DA4-9255-C5907B8F7687}.Release|Any CPU.ActiveCfg = Release|Any CPU
		{28A50387-B790-4DA4-9255-C5907B8F7687}.Release|Any CPU.Build.0 = Release|Any CPU
		{FF4FACBF-7D06-43C0-9D33-B2B670E2ED83}.Debug|Any CPU.ActiveCfg = Debug|Any CPU
		{FF4FACBF-7D06-43C0-9D33-B2B670E2ED83}.Debug|Any CPU.Build.0 = Debug|Any CPU
		{FF4FACBF-7D06-43C0-9D33-B2B670E2ED83}.Release|Any CPU.ActiveCfg = Release|Any CPU
		{FF4FACBF-7D06-43C0-9D33-B2B670E2ED83}.Release|Any CPU.Build.0 = Release|Any CPU
		{22DC3517-C66F-4B80-A412-6F6D7D34E88A}.Debug|Any CPU.ActiveCfg = Debug|Any CPU
		{22DC3517-C66F-4B80-A412-6F6D7D34E88A}.Debug|Any CPU.Build.0 = Debug|Any CPU
		{22DC3517-C66F-4B80-A412-6F6D7D34E88A}.Release|Any CPU.ActiveCfg = Release|Any CPU
		{22DC3517-C66F-4B80-A412-6F6D7D34E88A}.Release|Any CPU.Build.0 = Release|Any CPU
		{6010E8CB-FF16-4CBD-9223-E0FFA6A3626A}.Debug|Any CPU.ActiveCfg = Debug|Any CPU
		{6010E8CB-FF16-4CBD-9223-E0FFA6A3626A}.Debug|Any CPU.Build.0 = Debug|Any CPU
		{6010E8CB-FF16-4CBD-9223-E0FFA6A3626A}.Release|Any CPU.ActiveCfg = Release|Any CPU
		{6010E8CB-FF16-4CBD-9223-E0FFA6A3626A}.Release|Any CPU.Build.0 = Release|Any CPU
		{39961EF8-CB11-477B-9C9D-3CAFDD8D90BC}.Debug|Any CPU.ActiveCfg = Debug|Any CPU
		{39961EF8-CB11-477B-9C9D-3CAFDD8D90BC}.Debug|Any CPU.Build.0 = Debug|Any CPU
		{39961EF8-CB11-477B-9C9D-3CAFDD8D90BC}.Release|Any CPU.ActiveCfg = Release|Any CPU
		{39961EF8-CB11-477B-9C9D-3CAFDD8D90BC}.Release|Any CPU.Build.0 = Release|Any CPU
		{1F9C7DDB-8470-4DC2-B192-4D96A6FB1F7B}.Debug|Any CPU.ActiveCfg = Debug|Any CPU
		{1F9C7DDB-8470-4DC2-B192-4D96A6FB1F7B}.Debug|Any CPU.Build.0 = Debug|Any CPU
		{1F9C7DDB-8470-4DC2-B192-4D96A6FB1F7B}.Release|Any CPU.ActiveCfg = Release|Any CPU
		{1F9C7DDB-8470-4DC2-B192-4D96A6FB1F7B}.Release|Any CPU.Build.0 = Release|Any CPU
		{8A495BFB-2EBD-4855-A526-8E3C3752CA48}.Debug|Any CPU.ActiveCfg = Debug|Any CPU
		{8A495BFB-2EBD-4855-A526-8E3C3752CA48}.Debug|Any CPU.Build.0 = Debug|Any CPU
		{8A495BFB-2EBD-4855-A526-8E3C3752CA48}.Release|Any CPU.ActiveCfg = Release|Any CPU
		{8A495BFB-2EBD-4855-A526-8E3C3752CA48}.Release|Any CPU.Build.0 = Release|Any CPU
		{474ECB79-C708-4193-BC2E-0CEC100E3B87}.Debug|Any CPU.ActiveCfg = Debug|Any CPU
		{474ECB79-C708-4193-BC2E-0CEC100E3B87}.Debug|Any CPU.Build.0 = Debug|Any CPU
		{474ECB79-C708-4193-BC2E-0CEC100E3B87}.Release|Any CPU.ActiveCfg = Release|Any CPU
		{474ECB79-C708-4193-BC2E-0CEC100E3B87}.Release|Any CPU.Build.0 = Release|Any CPU
		{3D4F5B9F-47E3-456D-9A6A-79EE3DCC7365}.Debug|Any CPU.ActiveCfg = Debug|Any CPU
		{3D4F5B9F-47E3-456D-9A6A-79EE3DCC7365}.Debug|Any CPU.Build.0 = Debug|Any CPU
		{3D4F5B9F-47E3-456D-9A6A-79EE3DCC7365}.Release|Any CPU.ActiveCfg = Release|Any CPU
		{3D4F5B9F-47E3-456D-9A6A-79EE3DCC7365}.Release|Any CPU.Build.0 = Release|Any CPU
		{30252178-09EF-409F-829D-9F8585021746}.Debug|Any CPU.ActiveCfg = Debug|Any CPU
		{30252178-09EF-409F-829D-9F8585021746}.Debug|Any CPU.Build.0 = Debug|Any CPU
		{30252178-09EF-409F-829D-9F8585021746}.Release|Any CPU.ActiveCfg = Release|Any CPU
		{30252178-09EF-409F-829D-9F8585021746}.Release|Any CPU.Build.0 = Release|Any CPU
		{10BF3894-5738-48AD-9870-4AC76629BEF7}.Debug|Any CPU.ActiveCfg = Debug|Any CPU
		{10BF3894-5738-48AD-9870-4AC76629BEF7}.Debug|Any CPU.Build.0 = Debug|Any CPU
		{10BF3894-5738-48AD-9870-4AC76629BEF7}.Release|Any CPU.ActiveCfg = Release|Any CPU
		{10BF3894-5738-48AD-9870-4AC76629BEF7}.Release|Any CPU.Build.0 = Release|Any CPU
		{1F9BBFA7-4617-47D4-B48C-4DE3E667C728}.Debug|Any CPU.ActiveCfg = Debug|Any CPU
		{1F9BBFA7-4617-47D4-B48C-4DE3E667C728}.Debug|Any CPU.Build.0 = Debug|Any CPU
		{1F9BBFA7-4617-47D4-B48C-4DE3E667C728}.Release|Any CPU.ActiveCfg = Release|Any CPU
		{1F9BBFA7-4617-47D4-B48C-4DE3E667C728}.Release|Any CPU.Build.0 = Release|Any CPU
		{168179A5-638B-4176-B0D2-25B9279FDBA1}.Debug|Any CPU.ActiveCfg = Debug|Any CPU
		{168179A5-638B-4176-B0D2-25B9279FDBA1}.Debug|Any CPU.Build.0 = Debug|Any CPU
		{168179A5-638B-4176-B0D2-25B9279FDBA1}.Release|Any CPU.ActiveCfg = Release|Any CPU
		{168179A5-638B-4176-B0D2-25B9279FDBA1}.Release|Any CPU.Build.0 = Release|Any CPU
		{3D7DFC16-7E31-4C97-83E1-EE6D45253630}.Debug|Any CPU.ActiveCfg = Debug|Any CPU
		{3D7DFC16-7E31-4C97-83E1-EE6D45253630}.Debug|Any CPU.Build.0 = Debug|Any CPU
		{3D7DFC16-7E31-4C97-83E1-EE6D45253630}.Release|Any CPU.ActiveCfg = Release|Any CPU
		{3D7DFC16-7E31-4C97-83E1-EE6D45253630}.Release|Any CPU.Build.0 = Release|Any CPU
		{F2435225-DE4C-4350-8A74-9A916216689D}.Debug|Any CPU.ActiveCfg = Debug|Any CPU
		{F2435225-DE4C-4350-8A74-9A916216689D}.Debug|Any CPU.Build.0 = Debug|Any CPU
		{F2435225-DE4C-4350-8A74-9A916216689D}.Release|Any CPU.ActiveCfg = Release|Any CPU
		{F2435225-DE4C-4350-8A74-9A916216689D}.Release|Any CPU.Build.0 = Release|Any CPU
		{02ABCF54-3A58-4463-8B08-7446CB65BC50}.Debug|Any CPU.ActiveCfg = Debug|Any CPU
		{02ABCF54-3A58-4463-8B08-7446CB65BC50}.Debug|Any CPU.Build.0 = Debug|Any CPU
		{02ABCF54-3A58-4463-8B08-7446CB65BC50}.Release|Any CPU.ActiveCfg = Release|Any CPU
		{02ABCF54-3A58-4463-8B08-7446CB65BC50}.Release|Any CPU.Build.0 = Release|Any CPU
		{3E103CC3-7717-4071-AE69-9FCF5BCD2900}.Debug|Any CPU.ActiveCfg = Debug|Any CPU
		{3E103CC3-7717-4071-AE69-9FCF5BCD2900}.Debug|Any CPU.Build.0 = Debug|Any CPU
		{3E103CC3-7717-4071-AE69-9FCF5BCD2900}.Release|Any CPU.ActiveCfg = Release|Any CPU
		{3E103CC3-7717-4071-AE69-9FCF5BCD2900}.Release|Any CPU.Build.0 = Release|Any CPU
		{4D5C44AA-ADC6-4E79-9519-D4D5B7A498C5}.Debug|Any CPU.ActiveCfg = Debug|Any CPU
		{4D5C44AA-ADC6-4E79-9519-D4D5B7A498C5}.Debug|Any CPU.Build.0 = Debug|Any CPU
		{4D5C44AA-ADC6-4E79-9519-D4D5B7A498C5}.Release|Any CPU.ActiveCfg = Release|Any CPU
		{4D5C44AA-ADC6-4E79-9519-D4D5B7A498C5}.Release|Any CPU.Build.0 = Release|Any CPU
	EndGlobalSection
	GlobalSection(NestedProjects) = preSolution
		{D3085DFC-C2CE-43F2-9DF6-0814BDC5DE62} = {F3040C7B-2230-4588-974B-2D370D6A8870}
		{1F2D1C2E-72B1-4A40-B591-4E464B1257A0} = {E31C4FE9-C262-4713-8313-98A3ED21F94E}
		{4BAE71C8-EE4A-4654-AFA7-1CCB3FB980B3} = {E31C4FE9-C262-4713-8313-98A3ED21F94E}
		{250F2034-4DB5-4BB2-8C56-F25A358336F6} = {F3040C7B-2230-4588-974B-2D370D6A8870}
		{7CC87E36-4EAE-4F4E-984E-C34E9F7CCBB1} = {E31C4FE9-C262-4713-8313-98A3ED21F94E}
		{AC0AA033-BE28-4187-A8E0-402F514208C7} = {F3040C7B-2230-4588-974B-2D370D6A8870}
		{28A50387-B790-4DA4-9255-C5907B8F7687} = {AC0AA033-BE28-4187-A8E0-402F514208C7}
		{FF4FACBF-7D06-43C0-9D33-B2B670E2ED83} = {E31C4FE9-C262-4713-8313-98A3ED21F94E}
		{6010E8CB-FF16-4CBD-9223-E0FFA6A3626A} = {E31C4FE9-C262-4713-8313-98A3ED21F94E}
		{39961EF8-CB11-477B-9C9D-3CAFDD8D90BC} = {4BAE71C8-EE4A-4654-AFA7-1CCB3FB980B3}
		{1F9C7DDB-8470-4DC2-B192-4D96A6FB1F7B} = {E31C4FE9-C262-4713-8313-98A3ED21F94E}
		{8A495BFB-2EBD-4855-A526-8E3C3752CA48} = {F3040C7B-2230-4588-974B-2D370D6A8870}
		{474ECB79-C708-4193-BC2E-0CEC100E3B87} = {AC0AA033-BE28-4187-A8E0-402F514208C7}
		{094EED68-1825-4BF7-923E-503D0053ACEE} = {F3040C7B-2230-4588-974B-2D370D6A8870}
		{22DC3517-C66F-4B80-A412-6F6D7D34E88A} = {F3040C7B-2230-4588-974B-2D370D6A8870}
		{3D4F5B9F-47E3-456D-9A6A-79EE3DCC7365} = {4BAE71C8-EE4A-4654-AFA7-1CCB3FB980B3}
		{10BF3894-5738-48AD-9870-4AC76629BEF7} = {4BAE71C8-EE4A-4654-AFA7-1CCB3FB980B3}
		{30252178-09EF-409F-829D-9F8585021746} = {4BAE71C8-EE4A-4654-AFA7-1CCB3FB980B3}
		{B4252294-763F-4D87-BE2F-B5F8E6E0C6C4} = {D6F1455B-EBCA-45C8-A01E-9EBC9A10B63B}
		{54A71AEF-C6B9-4D0A-A76B-83D53E9B7646} = {F3040C7B-2230-4588-974B-2D370D6A8870}
		{1F9BBFA7-4617-47D4-B48C-4DE3E667C728} = {54A71AEF-C6B9-4D0A-A76B-83D53E9B7646}
		{168179A5-638B-4176-B0D2-25B9279FDBA1} = {54A71AEF-C6B9-4D0A-A76B-83D53E9B7646}
		{3D7DFC16-7E31-4C97-83E1-EE6D45253630} = {54A71AEF-C6B9-4D0A-A76B-83D53E9B7646}
		{F2435225-DE4C-4350-8A74-9A916216689D} = {E31C4FE9-C262-4713-8313-98A3ED21F94E}
		{02ABCF54-3A58-4463-8B08-7446CB65BC50} = {F3040C7B-2230-4588-974B-2D370D6A8870}
		{3E103CC3-7717-4071-AE69-9FCF5BCD2900} = {E31C4FE9-C262-4713-8313-98A3ED21F94E}
		{4D5C44AA-ADC6-4E79-9519-D4D5B7A498C5} = {F3040C7B-2230-4588-974B-2D370D6A8870}
	EndGlobalSection
EndGlobal
